
Microsoft Visual Studio Solution File, Format Version 12.00
# Visual Studio Version 16
VisualStudioVersion = 16.0.31321.278
MinimumVisualStudioVersion = 10.0.40219.1
Project("{FAE04EC0-301F-11D3-BF4B-00C04F79EFBC}") = "DbUpDemo", "DbUpDemo\DbUpDemo.csproj", "{71283A35-4801-4853-B85F-26F31DB81607}"
EndProject
Global
	GlobalSection(SolutionConfigurationPlatforms) = preSolution
		Debug|Any CPU = Debug|Any CPU
		Release|Any CPU = Release|Any CPU
	EndGlobalSection
	GlobalSection(ProjectConfigurationPlatforms) = postSolution
		{71283A35-4801-4853-B85F-26F31DB81607}.Debug|Any CPU.ActiveCfg = Debug|Any CPU
		{71283A35-4801-4853-B85F-26F31DB81607}.Debug|Any CPU.Build.0 = Debug|Any CPU
		{71283A35-4801-4853-B85F-26F31DB81607}.Release|Any CPU.ActiveCfg = Release|Any CPU
		{71283A35-4801-4853-B85F-26F31DB81607}.Release|Any CPU.Build.0 = Release|Any CPU
	EndGlobalSection
	GlobalSection(SolutionProperties) = preSolution
		HideSolutionNode = FALSE
	EndGlobalSection
	GlobalSection(ExtensibilityGlobals) = postSolution
		SolutionGuid = {A2F9C8BC-2133-4D09-8CE3-E959DD2CC8A8}
	EndGlobalSection
EndGlobal
